
Microsoft Visual Studio Solution File, Format Version 12.00
# Visual Studio Version 16
VisualStudioVersion = 16.0.30804.86
MinimumVisualStudioVersion = 10.0.40219.1
Project("{9A19103F-16F7-4668-BE54-9A1E7A4F7556}") = "Knapcode.BlobDelta.Sample", "sample\Knapcode.BlobDelta.Sample\Knapcode.BlobDelta.Sample.csproj", "{375ED0FB-52B3-4DCB-A965-92270C82AAB8}"
EndProject
Project("{9A19103F-16F7-4668-BE54-9A1E7A4F7556}") = "Knapcode.BlobDelta.Test", "test\Knapcode.BlobDelta.Test\Knapcode.BlobDelta.Test.csproj", "{82947017-9281-465C-9FF3-AC9857F86581}"
EndProject
Project("{9A19103F-16F7-4668-BE54-9A1E7A4F7556}") = "Knapcode.BlobDelta", "src\Knapcode.BlobDelta\Knapcode.BlobDelta.csproj", "{09FC1922-B4C1-4E72-B50A-193BD6E6479E}"
EndProject
Project("{9A19103F-16F7-4668-BE54-9A1E7A4F7556}") = "Knapcode.Delta.Common", "src\Knapcode.Delta.Common\Knapcode.Delta.Common.csproj", "{26AC39B0-EE18-4186-B32C-42A8D9576973}"
EndProject
Project("{9A19103F-16F7-4668-BE54-9A1E7A4F7556}") = "Knapcode.SearchDelta", "src\Knapcode.SearchDelta\Knapcode.SearchDelta.csproj", "{2F957A70-25E5-45AA-8F28-3A11EAE5F0A4}"
EndProject
Project("{9A19103F-16F7-4668-BE54-9A1E7A4F7556}") = "Knapcode.Delta.Common.Test", "test\Knapcode.Delta.Common.Test\Knapcode.Delta.Common.Test.csproj", "{6E61BEBB-27E0-4064-A368-AA4FB4BFC8EB}"
EndProject
Project("{2150E333-8FDC-42A3-9474-1A3956D46DE8}") = "src", "src", "{310843A5-9A6C-4D0D-B30A-63D2359FF978}"
EndProject
Project("{2150E333-8FDC-42A3-9474-1A3956D46DE8}") = "test", "test", "{AEB044FE-A7D3-45DC-B6B5-8035F546C6C9}"
EndProject
Project("{2150E333-8FDC-42A3-9474-1A3956D46DE8}") = "sample", "sample", "{8E24668A-D0A6-48C5-883D-355D0DA401D7}"
EndProject
Project("{9A19103F-16F7-4668-BE54-9A1E7A4F7556}") = "Knapcode.SearchDelta.Test", "test\Knapcode.SearchDelta.Test\Knapcode.SearchDelta.Test.csproj", "{74D3EDDF-AAD4-4DE5-A522-17E84AC2031F}"
EndProject
Project("{2150E333-8FDC-42A3-9474-1A3956D46DE8}") = "Solution Items", "Solution Items", "{7397283D-39C2-442F-BA2D-E39A968898A1}"
	ProjectSection(SolutionItems) = preProject
		.gitignore = .gitignore
		appveyor.yml = appveyor.yml
		Directory.Build.props = Directory.Build.props
		LICENSE = LICENSE
		README.md = README.md
	EndProjectSection
EndProject
Project("{2150E333-8FDC-42A3-9474-1A3956D46DE8}") = "build", "build", "{5AD4961D-76D3-4839-8277-83BC39CE6F8C}"
	ProjectSection(SolutionItems) = preProject
		build\common.library.props = build\common.library.props
		build\common.test.props = build\common.test.props
	EndProjectSection
EndProject
Project("{9A19103F-16F7-4668-BE54-9A1E7A4F7556}") = "Knapcode.TableDelta", "src\Knapcode.TableDelta\Knapcode.TableDelta.csproj", "{AAF8AFA5-9C07-4829-A030-F09FCD3D414F}"
EndProject
Project("{FAE04EC0-301F-11D3-BF4B-00C04F79EFBC}") = "Knapcode.TableDelta.Test", "test\Knapcode.TableDelta.Test\Knapcode.TableDelta.Test.csproj", "{67B78646-21B4-48F6-AC66-DE59EC2B5F77}"
EndProject
Global
	GlobalSection(SolutionConfigurationPlatforms) = preSolution
		Debug|Any CPU = Debug|Any CPU
		Release|Any CPU = Release|Any CPU
	EndGlobalSection
	GlobalSection(ProjectConfigurationPlatforms) = postSolution
		{82947017-9281-465C-9FF3-AC9857F86581}.Debug|Any CPU.ActiveCfg = Debug|Any CPU
		{82947017-9281-465C-9FF3-AC9857F86581}.Debug|Any CPU.Build.0 = Debug|Any CPU
		{82947017-9281-465C-9FF3-AC9857F86581}.Release|Any CPU.ActiveCfg = Release|Any CPU
		{82947017-9281-465C-9FF3-AC9857F86581}.Release|Any CPU.Build.0 = Release|Any CPU
		{09FC1922-B4C1-4E72-B50A-193BD6E6479E}.Debug|Any CPU.ActiveCfg = Debug|Any CPU
		{09FC1922-B4C1-4E72-B50A-193BD6E6479E}.Debug|Any CPU.Build.0 = Debug|Any CPU
		{09FC1922-B4C1-4E72-B50A-193BD6E6479E}.Release|Any CPU.ActiveCfg = Release|Any CPU
		{09FC1922-B4C1-4E72-B50A-193BD6E6479E}.Release|Any CPU.Build.0 = Release|Any CPU
		{26AC39B0-EE18-4186-B32C-42A8D9576973}.Debug|Any CPU.ActiveCfg = Debug|Any CPU
		{26AC39B0-EE18-4186-B32C-42A8D9576973}.Debug|Any CPU.Build.0 = Debug|Any CPU
		{26AC39B0-EE18-4186-B32C-42A8D9576973}.Release|Any CPU.ActiveCfg = Release|Any CPU
		{26AC39B0-EE18-4186-B32C-42A8D9576973}.Release|Any CPU.Build.0 = Release|Any CPU
		{2F957A70-25E5-45AA-8F28-3A11EAE5F0A4}.Debug|Any CPU.ActiveCfg = Debug|Any CPU
		{2F957A70-25E5-45AA-8F28-3A11EAE5F0A4}.Debug|Any CPU.Build.0 = Debug|Any CPU
		{2F957A70-25E5-45AA-8F28-3A11EAE5F0A4}.Release|Any CPU.ActiveCfg = Release|Any CPU
		{2F957A70-25E5-45AA-8F28-3A11EAE5F0A4}.Release|Any CPU.Build.0 = Release|Any CPU
		{6E61BEBB-27E0-4064-A368-AA4FB4BFC8EB}.Debug|Any CPU.ActiveCfg = Debug|Any CPU
		{6E61BEBB-27E0-4064-A368-AA4FB4BFC8EB}.Debug|Any CPU.Build.0 = Debug|Any CPU
		{6E61BEBB-27E0-4064-A368-AA4FB4BFC8EB}.Release|Any CPU.ActiveCfg = Release|Any CPU
		{6E61BEBB-27E0-4064-A368-AA4FB4BFC8EB}.Release|Any CPU.Build.0 = Release|Any CPU
		{375ED0FB-52B3-4DCB-A965-92270C82AAB8}.Debug|Any CPU.ActiveCfg = Debug|Any CPU
		{375ED0FB-52B3-4DCB-A965-92270C82AAB8}.Debug|Any CPU.Build.0 = Debug|Any CPU
		{375ED0FB-52B3-4DCB-A965-92270C82AAB8}.Release|Any CPU.ActiveCfg = Release|Any CPU
		{375ED0FB-52B3-4DCB-A965-92270C82AAB8}.Release|Any CPU.Build.0 = Release|Any CPU
		{74D3EDDF-AAD4-4DE5-A522-17E84AC2031F}.Debug|Any CPU.ActiveCfg = Debug|Any CPU
		{74D3EDDF-AAD4-4DE5-A522-17E84AC2031F}.Debug|Any CPU.Build.0 = Debug|Any CPU
		{74D3EDDF-AAD4-4DE5-A522-17E84AC2031F}.Release|Any CPU.ActiveCfg = Release|Any CPU
		{74D3EDDF-AAD4-4DE5-A522-17E84AC2031F}.Release|Any CPU.Build.0 = Release|Any CPU
		{AAF8AFA5-9C07-4829-A030-F09FCD3D414F}.Debug|Any CPU.ActiveCfg = Debug|Any CPU
		{AAF8AFA5-9C07-4829-A030-F09FCD3D414F}.Debug|Any CPU.Build.0 = Debug|Any CPU
		{AAF8AFA5-9C07-4829-A030-F09FCD3D414F}.Release|Any CPU.ActiveCfg = Release|Any CPU
		{AAF8AFA5-9C07-4829-A030-F09FCD3D414F}.Release|Any CPU.Build.0 = Release|Any CPU
		{67B78646-21B4-48F6-AC66-DE59EC2B5F77}.Debug|Any CPU.ActiveCfg = Debug|Any CPU
		{67B78646-21B4-48F6-AC66-DE59EC2B5F77}.Debug|Any CPU.Build.0 = Debug|Any CPU
		{67B78646-21B4-48F6-AC66-DE59EC2B5F77}.Release|Any CPU.ActiveCfg = Release|Any CPU
		{67B78646-21B4-48F6-AC66-DE59EC2B5F77}.Release|Any CPU.Build.0 = Release|Any CPU
	EndGlobalSection
	GlobalSection(SolutionProperties) = preSolution
		HideSolutionNode = FALSE
	EndGlobalSection
	GlobalSection(NestedProjects) = preSolution
		{82947017-9281-465C-9FF3-AC9857F86581} = {AEB044FE-A7D3-45DC-B6B5-8035F546C6C9}
		{09FC1922-B4C1-4E72-B50A-193BD6E6479E} = {310843A5-9A6C-4D0D-B30A-63D2359FF978}
		{26AC39B0-EE18-4186-B32C-42A8D9576973} = {310843A5-9A6C-4D0D-B30A-63D2359FF978}
		{2F957A70-25E5-45AA-8F28-3A11EAE5F0A4} = {310843A5-9A6C-4D0D-B30A-63D2359FF978}
		{6E61BEBB-27E0-4064-A368-AA4FB4BFC8EB} = {AEB044FE-A7D3-45DC-B6B5-8035F546C6C9}
		{375ED0FB-52B3-4DCB-A965-92270C82AAB8} = {8E24668A-D0A6-48C5-883D-355D0DA401D7}
		{74D3EDDF-AAD4-4DE5-A522-17E84AC2031F} = {AEB044FE-A7D3-45DC-B6B5-8035F546C6C9}
		{AAF8AFA5-9C07-4829-A030-F09FCD3D414F} = {310843A5-9A6C-4D0D-B30A-63D2359FF978}
		{67B78646-21B4-48F6-AC66-DE59EC2B5F77} = {AEB044FE-A7D3-45DC-B6B5-8035F546C6C9}
	EndGlobalSection
	GlobalSection(ExtensibilityGlobals) = postSolution
		SolutionGuid = {F34FD75A-6EFF-4E2F-9918-8E8CBEF2DB2C}
	EndGlobalSection
EndGlobal
